
Microsoft Visual Studio Solution File, Format Version 12.00
# Visual Studio Version 17
VisualStudioVersion = 17.3.32825.248
MinimumVisualStudioVersion = 10.0.40219.1
Project("{FAE04EC0-301F-11D3-BF4B-00C04F79EFBC}") = "AlgorithmsCSharp", "AlgorithmsCSharp.csproj", "{CDA961E5-2B13-4B14-B18D-43F57E488339}"
EndProject
Global
	GlobalSection(SolutionConfigurationPlatforms) = preSolution
		Debug|Any CPU = Debug|Any CPU
		Release|Any CPU = Release|Any CPU
	EndGlobalSection
	GlobalSection(ProjectConfigurationPlatforms) = postSolution
		{CDA961E5-2B13-4B14-B18D-43F57E488339}.Debug|Any CPU.ActiveCfg = Debug|Any CPU
		{CDA961E5-2B13-4B14-B18D-43F57E488339}.Debug|Any CPU.Build.0 = Debug|Any CPU
		{CDA961E5-2B13-4B14-B18D-43F57E488339}.Release|Any CPU.ActiveCfg = Release|Any CPU
		{CDA961E5-2B13-4B14-B18D-43F57E488339}.Release|Any CPU.Build.0 = Release|Any CPU
	EndGlobalSection
	GlobalSection(SolutionProperties) = preSolution
		HideSolutionNode = FALSE
	EndGlobalSection
	GlobalSection(ExtensibilityGlobals) = postSolution
		SolutionGuid = {33532781-DA94-44C0-9791-F022D2807CA1}
	EndGlobalSection
EndGlobal
